
Microsoft Visual Studio Solution File, Format Version 12.00
# Visual Studio Version 17
VisualStudioVersion = 17.11.35327.3
MinimumVisualStudioVersion = 10.0.40219.1
Project("{9A19103F-16F7-4668-BE54-9A1E7A4F7556}") = "FirstDotNetCoreWebAPI", "FirstDotNetCoreWebAPI\FirstDotNetCoreWebAPI.csproj", "{34A65049-F0E4-4981-992C-170F97AE9809}"
EndProject
Project("{E53339B2-1760-4266-BCC7-CA923CBCF16C}") = "docker-compose", "docker-compose.dcproj", "{313BBBB1-8956-4BE7-8FD1-19FF177EE60F}"
EndProject
Project("{FAE04EC0-301F-11D3-BF4B-00C04F79EFBC}") = "DotNetCoreWebJWTAuthAPI", "DotNetCoreWebJWTAuthAPI\DotNetCoreWebJWTAuthAPI.csproj", "{F9059978-EB26-432E-A5FD-7B3E3C13A8B0}"
EndProject
Global
	GlobalSection(SolutionConfigurationPlatforms) = preSolution
		Debug|Any CPU = Debug|Any CPU
		Release|Any CPU = Release|Any CPU
	EndGlobalSection
	GlobalSection(ProjectConfigurationPlatforms) = postSolution
		{34A65049-F0E4-4981-992C-170F97AE9809}.Debug|Any CPU.ActiveCfg = Debug|Any CPU
		{34A65049-F0E4-4981-992C-170F97AE9809}.Debug|Any CPU.Build.0 = Debug|Any CPU
		{34A65049-F0E4-4981-992C-170F97AE9809}.Release|Any CPU.ActiveCfg = Release|Any CPU
		{34A65049-F0E4-4981-992C-170F97AE9809}.Release|Any CPU.Build.0 = Release|Any CPU
		{313BBBB1-8956-4BE7-8FD1-19FF177EE60F}.Debug|Any CPU.ActiveCfg = Debug|Any CPU
		{313BBBB1-8956-4BE7-8FD1-19FF177EE60F}.Debug|Any CPU.Build.0 = Debug|Any CPU
		{313BBBB1-8956-4BE7-8FD1-19FF177EE60F}.Release|Any CPU.ActiveCfg = Release|Any CPU
		{313BBBB1-8956-4BE7-8FD1-19FF177EE60F}.Release|Any CPU.Build.0 = Release|Any CPU
		{F9059978-EB26-432E-A5FD-7B3E3C13A8B0}.Debug|Any CPU.ActiveCfg = Debug|Any CPU
		{F9059978-EB26-432E-A5FD-7B3E3C13A8B0}.Debug|Any CPU.Build.0 = Debug|Any CPU
		{F9059978-EB26-432E-A5FD-7B3E3C13A8B0}.Release|Any CPU.ActiveCfg = Release|Any CPU
		{F9059978-EB26-432E-A5FD-7B3E3C13A8B0}.Release|Any CPU.Build.0 = Release|Any CPU
	EndGlobalSection
	GlobalSection(SolutionProperties) = preSolution
		HideSolutionNode = FALSE
	EndGlobalSection
	GlobalSection(ExtensibilityGlobals) = postSolution
		SolutionGuid = {F30EAA26-664C-43F5-982C-8B66B9CA6332}
	EndGlobalSection
EndGlobal
